<?xml version="1.0" encoding="utf-8"?>
<Project ToolsVersion="4.0" xmlns="http://schemas.microsoft.com/developer/msbuild/2003">
  <ItemGroup>
    <Filter Include="Source Files">
      <UniqueIdentifier>{4FC737F1-C7A5-4376-A066-2A32D752A2FF}</UniqueIdentifier>
      <Extensions>cpp;c;cc;cxx;c++;cppm;ixx;def;odl;idl;hpj;bat;asm;asmx</Extensions>
    </Filter>
    <Filter Include="Header Files">
      <UniqueIdentifier>{93995380-89BD-4b04-88EB-625FBE52EBFB}</UniqueIdentifier>
      <Extensions>h;hh;hpp;hxx;h++;hm;inl;inc;ipp;xsd</Extensions>
    </Filter>
    <Filter Include="Resource Files">
      <UniqueIdentifier>{67DA6AB6-F800-4c08-8B7A-83BB121AAD01}</UniqueIdentifier>
      <Extensions>rc;ico;cur;bmp;dlg;rc2;rct;bin;rgs;gif;jpg;jpeg;jpe;resx;tiff;tif;png;wav;mfcribbon-ms</Extensions>
    </Filter>
  </ItemGroup>
  <ItemGroup>
    <ClCompile Include="CPP102_Comments.cpp">
      <Filter>Source Files</Filter>
    </ClCompile>
    <ClCompile Include="CPP103_Variables_Objects.cpp">
      <Filter>Source Files</Filter>
    </ClCompile>
    <ClCompile Include="CPP104_Variable_Assignment_Intialization.cpp">
      <Filter>Source Files</Filter>
    </ClCompile>
    <ClCompile Include="CPP105_Introduction_iosteam.cpp">
      <Filter>Source Files</Filter>
    </ClCompile>
    <ClCompile Include="CPP101_Statements.cpp">
      <Filter>Source Files</Filter>
    </ClCompile>
    <ClCompile Include="CPP106_Unitialized_Variables_Undefined_Behaviour.cpp">
      <Filter>Source Files</Filter>
    </ClCompile>
    <ClCompile Include="CPP107_Keywords_Naming_Identifiers.cpp">
      <Filter>Source Files</Filter>
    </ClCompile>
    <ClCompile Include="CPP108_Whitespace_Basic_Formatting.cpp">
      <Filter>Source Files</Filter>
    </ClCompile>
    <ClCompile Include="CPP109_Literals_Operators.cpp">
      <Filter>Source Files</Filter>
    </ClCompile>
    <ClCompile Include="CPP110_Expressions.cpp">
      <Filter>Source Files</Filter>
    </ClCompile>
    <ClCompile Include="CPP111_First_Program.cpp">
      <Filter>Source Files</Filter>
    </ClCompile>
    <ClCompile Include="CPP201_Introduction_Functions.cpp">
      <Filter>Source Files</Filter>
    </ClCompile>
    <ClCompile Include="CPP202_Function_Return_Values.cpp">
      <Filter>Source Files</Filter>
    </ClCompile>
    <ClCompile Include="CPP203_Void_Functions.cpp">
      <Filter>Source Files</Filter>
    </ClCompile>
    <ClCompile Include="CPP204_Introduction_Function_Parameters_Arguments.cpp">
      <Filter>Source Files</Filter>
    </ClCompile>
    <ClCompile Include="CPP205_Introduction_Local_Scope.cpp">
      <Filter>Source Files</Filter>
    </ClCompile>
    <ClCompile Include="CPP206_Effectively_Using_Functions.cpp">
      <Filter>Source Files</Filter>
    </ClCompile>
    <ClCompile Include="CPP207_Forward_Declarations_Definitions.cpp">
      <Filter>Source Files</Filter>
    </ClCompile>
    <ClCompile Include="CPP208_Multi_File_Programs.cpp">
      <Filter>Source Files</Filter>
    </ClCompile>
    <ClCompile Include="add.cpp">
      <Filter>Source Files</Filter>
    </ClCompile>
    <ClCompile Include="CPP209_Naming_Collisions_Introduction_Namespaces.cpp">
      <Filter>Source Files</Filter>
    </ClCompile>
    <ClCompile Include="CPP210_Introduction_Preprocessor.cpp">
      <Filter>Source Files</Filter>
    </ClCompile>
    <ClCompile Include="CPP211_Header_Files.cpp">
      <Filter>Source Files</Filter>
    </ClCompile>
    <ClCompile Include="CPP212_Header_Guards.cpp">
      <Filter>Source Files</Filter>
    </ClCompile>
    <ClCompile Include="CPP213_Designing_Your_First_Programs.cpp">
      <Filter>Source Files</Filter>
    </ClCompile>
    <ClCompile Include="CPP301_Syntax_Semantic_Errors.cpp">
      <Filter>Source Files</Filter>
    </ClCompile>
    <ClCompile Include="CPP302_Debugging_Process.cpp">
      <Filter>Source Files</Filter>
    </ClCompile>
    <ClCompile Include="CPP303_Strategy_For_Debugging.cpp">
      <Filter>Source Files</Filter>
    </ClCompile>
    <ClCompile Include="CPP304_Basic_Debugging_Tactics.cpp">
      <Filter>Source Files</Filter>
    </ClCompile>
  </ItemGroup>
  <ItemGroup>
    <ClInclude Include="add.h">
      <Filter>Header Files</Filter>
    </ClInclude>
  </ItemGroup>
</Project>